version = 1
revision = 3
requires-python = ">=3.13"

[[package]]
name = "ramble-on"
version = "0.1.0"
source = { virtual = "." }
dependencies = [
    { name = "sql" },
]

[package.metadata]
requires-dist = [{ name = "sql", specifier = ">=2022.4.0" }]

[[package]]
name = "sql"
version = "2022.4.0"
source = { registry = "https://pypi.org/simple" }
sdist = { url = "https://files.pythonhosted.org/packages/55/c3/5698668c0d767bbca80d19b8c49c937e2ffc087e5a82c954c463400c4fd3/sql-2022.4.0.tar.gz", hash = "sha256:f8cae71ac27e8bf763c4313497ba68f7e6ec577a1eb997738aaad3b3d5f7a600", size = 4176, upload-time = "2022-03-06T06:08:16.314Z" }
